[[package]]
name = "lark"
version = "1.1.3"
description = "a modern parsing library"
category = "main"
optional = false
python-versions = "*"

[package.extras]
atomic-cache = ["atomicwrites"]
nearley = ["js2py"]
regex = ["regex"]

[metadata]
lock-version = "1.1"
python-versions = "^3.7"
content-hash = "87aa5f2deaa832fc0fb0ce3929a71aa8ea0055cedaa6df3532b1b3731340e589"

[metadata.files]
lark = [
    {file = "lark-1.1.3-py3-none-any.whl", hash = "sha256:45cd8b4d8b0487863f0f4cf3c305a1293db86af576d4a62cfb572e57a9b609e5"},
    {file = "lark-1.1.3.tar.gz", hash = "sha256:ca0d1aeb57f434c7276d209729e92b0e5017d177dde553134760c35bb4647d11"},
]
